
Microsoft Visual Studio Solution File, Format Version 12.00
Project("{FAE04EC0-301F-11D3-BF4B-00C04F79EFBC}") = "StudentManagementApi", "StudentManagementApi.csproj", "{D00CECAA-007C-4D15-9F3A-AD7DED40223D}"
EndProject
Project("{FAE04EC0-301F-11D3-BF4B-00C04F79EFBC}") = "ServicesManager", "ServicesManager\ServicesManager.csproj", "{1A9E61AA-B7DA-492A-9EEF-8AA57F2C4EFC}"
EndProject
Project("{FAE04EC0-301F-11D3-BF4B-00C04F79EFBC}") = "ModelsProject", "ModelsProject\ModelsProject.csproj", "{BE4DFD2E-5FF1-4A76-BE95-2BFD712362E8}"
EndProject
Project("{FAE04EC0-301F-11D3-BF4B-00C04F79EFBC}") = "StudentManagementApi.Tests", "StudentManagementApi.Tests\StudentManagementApi.Tests.csproj", "{A0910952-9686-407F-AC17-04BB1B5436DA}"
EndProject
Global
	GlobalSection(SolutionConfigurationPlatforms) = preSolution
		Debug|Any CPU = Debug|Any CPU
		Release|Any CPU = Release|Any CPU
	EndGlobalSection
	GlobalSection(ProjectConfigurationPlatforms) = postSolution
		{D00CECAA-007C-4D15-9F3A-AD7DED40223D}.Debug|Any CPU.ActiveCfg = Debug|Any CPU
		{D00CECAA-007C-4D15-9F3A-AD7DED40223D}.Debug|Any CPU.Build.0 = Debug|Any CPU
		{D00CECAA-007C-4D15-9F3A-AD7DED40223D}.Release|Any CPU.ActiveCfg = Release|Any CPU
		{D00CECAA-007C-4D15-9F3A-AD7DED40223D}.Release|Any CPU.Build.0 = Release|Any CPU
		{1A9E61AA-B7DA-492A-9EEF-8AA57F2C4EFC}.Debug|Any CPU.ActiveCfg = Debug|Any CPU
		{1A9E61AA-B7DA-492A-9EEF-8AA57F2C4EFC}.Debug|Any CPU.Build.0 = Debug|Any CPU
		{1A9E61AA-B7DA-492A-9EEF-8AA57F2C4EFC}.Release|Any CPU.ActiveCfg = Release|Any CPU
		{1A9E61AA-B7DA-492A-9EEF-8AA57F2C4EFC}.Release|Any CPU.Build.0 = Release|Any CPU
		{BE4DFD2E-5FF1-4A76-BE95-2BFD712362E8}.Debug|Any CPU.ActiveCfg = Debug|Any CPU
		{BE4DFD2E-5FF1-4A76-BE95-2BFD712362E8}.Debug|Any CPU.Build.0 = Debug|Any CPU
		{BE4DFD2E-5FF1-4A76-BE95-2BFD712362E8}.Release|Any CPU.ActiveCfg = Release|Any CPU
		{BE4DFD2E-5FF1-4A76-BE95-2BFD712362E8}.Release|Any CPU.Build.0 = Release|Any CPU
		{A0910952-9686-407F-AC17-04BB1B5436DA}.Debug|Any CPU.ActiveCfg = Debug|Any CPU
		{A0910952-9686-407F-AC17-04BB1B5436DA}.Debug|Any CPU.Build.0 = Debug|Any CPU
		{A0910952-9686-407F-AC17-04BB1B5436DA}.Release|Any CPU.ActiveCfg = Release|Any CPU
		{A0910952-9686-407F-AC17-04BB1B5436DA}.Release|Any CPU.Build.0 = Release|Any CPU
	EndGlobalSection
EndGlobal
